{
  "requires": true,
  "lockfileVersion": 1,
  "dependencies": {
    "js-sequence-diagrams": {
      "version": "0.0.1-security",
      "resolved": "https://registry.npmjs.org/js-sequence-diagrams/-/js-sequence-diagrams-0.0.1-security.tgz",
      "integrity": "sha512-iUPu0e7R0lkwLvGqqwTilt+xKr0Hx3zWKfjSCF+9CKqsmzzuzb6LCXm3NbENTMT814TbRT1GXJbU1voG5B7XSg=="
    }
  }
}
